// !$*UTF8*$!
{
	archiveVersion = 1;
	classes = {
	};
	objectVersion = 46;
	objects = {

/* Begin PBXBuildFile section */
		CB0ED6611EE65A560059B510 /* AppDelegate.swift in Sources */ = {isa = PBXBuildFile; fileRef = CB0ED6601EE65A560059B510 /* AppDelegate.swift */; };
		CB0ED6631EE65A570059B510 /* ViewController.swift in Sources */ = {isa = PBXBuildFile; fileRef = CB0ED6621EE65A570059B510 /* ViewController.swift */; };
		CB0ED6661EE65A570059B510 /* Main.storyboard in Resources */ = {isa = PBXBuildFile; fileRef = CB0ED6641EE65A570059B510 /* Main.storyboard */; };
		CB0ED6681EE65A570059B510 /* Assets.xcassets in Resources */ = {isa = PBXBuildFile; fileRef = CB0ED6671EE65A570059B510 /* Assets.xcassets */; };
		CB0ED66B1EE65A570059B510 /* LaunchScreen.storyboard in Resources */ = {isa = PBXBuildFile; fileRef = CB0ED6691EE65A570059B510 /* LaunchScreen.storyboard */; };
		CB0ED6731EE65B590059B510 /* DangNhap.swift in Sources */ = {isa = PBXBuildFile; fileRef = CB0ED6721EE65B590059B510 /* DangNhap.swift */; };
		CB0ED6761EE65EAA0059B510 /* anhnen.jpg in Resources */ = {isa = PBXBuildFile; fileRef = CB0ED6751EE65EAA0059B510 /* anhnen.jpg */; };
		CB0ED6781EE668B80059B510 /* dangNhap.jpg in Resources */ = {isa = PBXBuildFile; fileRef = CB0ED6771EE668B80059B510 /* dangNhap.jpg */; };
		CB12AF4D1EE69FB400C4D418 /* ToanTreEm.swift in Sources */ = {isa = PBXBuildFile; fileRef = CB12AF4C1EE69FB400C4D418 /* ToanTreEm.swift */; };
		CBF2695D1EE6E4C300746659 /* con meo.jpg in Resources */ = {isa = PBXBuildFile; fileRef = CBF2695C1EE6E4C300746659 /* con meo.jpg */; };
		CBF2695F1EE6E53F00746659 /* bang.jpg in Resources */ = {isa = PBXBuildFile; fileRef = CBF2695E1EE6E53F00746659 /* bang.jpg */; };
		CBF269611EE6E62400746659 /* note.jpg in Resources */ = {isa = PBXBuildFile; fileRef = CBF269601EE6E62400746659 /* note.jpg */; };
/* End PBXBuildFile section */

/* Begin PBXFileReference section */
		CB0ED65D1EE65A560059B510 /* PushPopView.app */ = {isa = PBXFileReference; explicitFileType = wrapper.application; includeInIndex = 0; path = PushPopView.app; sourceTree = BUILT_PRODUCTS_DIR; };
		CB0ED6601EE65A560059B510 /* AppDelegate.swift */ = {isa = PBXFileReference; lastKnownFileType = sourcecode.swift; path = AppDelegate.swift; sourceTree = "<group>"; };
		CB0ED6621EE65A570059B510 /* ViewController.swift */ = {isa = PBXFileReference; lastKnownFileType = sourcecode.swift; path = ViewController.swift; sourceTree = "<group>"; };
		CB0ED6651EE65A570059B510 /* Base */ = {isa = PBXFileReference; lastKnownFileType = file.storyboard; name = Base; path = Base.lproj/Main.storyboard; sourceTree = "<group>"; };
		CB0ED6671EE65A570059B510 /* Assets.xcassets */ = {isa = PBXFileReference; lastKnownFileType = folder.assetcatalog; path = Assets.xcassets; sourceTree = "<group>"; };
		CB0ED66A1EE65A570059B510 /* Base */ = {isa = PBXFileReference; lastKnownFileType = file.storyboard; name = Base; path = Base.lproj/LaunchScreen.storyboard; sourceTree = "<group>"; };
		CB0ED66C1EE65A570059B510 /* Info.plist */ = {isa = PBXFileReference; lastKnownFileType = text.plist.xml; path = Info.plist; sourceTree = "<group>"; };
		CB0ED6721EE65B590059B510 /* DangNhap.swift */ = {isa = PBXFileReference; fileEncoding = 4; lastKnownFileType = sourcecode.swift; path = DangNhap.swift; sourceTree = "<group>"; };
		CB0ED6751EE65EAA0059B510 /* anhnen.jpg */ = {isa = PBXFileReference; lastKnownFileType = image.jpeg; path = anhnen.jpg; sourceTree = "<group>"; };
		CB0ED6771EE668B80059B510 /* dangNhap.jpg */ = {isa = PBXFileReference; lastKnownFileType = image.jpeg; path = dangNhap.jpg; sourceTree = "<group>"; };
		CB12AF4C1EE69FB400C4D418 /* ToanTreEm.swift */ = {isa = PBXFileReference; fileEncoding = 4; lastKnownFileType = sourcecode.swift; path = ToanTreEm.swift; sourceTree = "<group>"; };
		CBF2695C1EE6E4C300746659 /* con meo.jpg */ = {isa = PBXFileReference; lastKnownFileType = image.jpeg; path = "con meo.jpg"; sourceTree = "<group>"; };
		CBF2695E1EE6E53F00746659 /* bang.jpg */ = {isa = PBXFileReference; lastKnownFileType = image.jpeg; path = bang.jpg; sourceTree = "<group>"; };
		CBF269601EE6E62400746659 /* note.jpg */ = {isa = PBXFileReference; lastKnownFileType = image.jpeg; path = note.jpg; sourceTree = "<group>"; };
/* End PBXFileReference section */

/* Begin PBXFrameworksBuildPhase section */
		CB0ED65A1EE65A560059B510 /* Frameworks */ = {
			isa = PBXFrameworksBuildPhase;
			buildActionMask = 2147483647;
			files = (
			);
			runOnlyForDeploymentPostprocessing = 0;
		};
/* End PBXFrameworksBuildPhase section */

/* Begin PBXGroup section */
		CB0ED6541EE65A560059B510 = {
			isa = PBXGroup;
			children = (
				CB0ED65F1EE65A560059B510 /* PushPopView */,
				CB0ED65E1EE65A560059B510 /* Products */,
			);
			sourceTree = "<group>";
		};
		CB0ED65E1EE65A560059B510 /* Products */ = {
			isa = PBXGroup;
			children = (
				CB0ED65D1EE65A560059B510 /* PushPopView.app */,
			);
			name = Products;
			sourceTree = "<group>";
		};
		CB0ED65F1EE65A560059B510 /* PushPopView */ = {
			isa = PBXGroup;
			children = (
				CB0ED6741EE65E8D0059B510 /* ảnh */,
				CB0ED6601EE65A560059B510 /* AppDelegate.swift */,
				CB0ED6621EE65A570059B510 /* ViewController.swift */,
				CB0ED6721EE65B590059B510 /* DangNhap.swift */,
				CB12AF4C1EE69FB400C4D418 /* ToanTreEm.swift */,
				CB0ED6641EE65A570059B510 /* Main.storyboard */,
				CB0ED6671EE65A570059B510 /* Assets.xcassets */,
				CB0ED6691EE65A570059B510 /* LaunchScreen.storyboard */,
				CB0ED66C1EE65A570059B510 /* Info.plist */,
			);
			path = PushPopView;
			sourceTree = "<group>";
		};
		CB0ED6741EE65E8D0059B510 /* ảnh */ = {
			isa = PBXGroup;
			children = (
				CBF2695C1EE6E4C300746659 /* con meo.jpg */,
				CB0ED6771EE668B80059B510 /* dangNhap.jpg */,
				CBF269601EE6E62400746659 /* note.jpg */,
				CBF2695E1EE6E53F00746659 /* bang.jpg */,
				CB0ED6751EE65EAA0059B510 /* anhnen.jpg */,
			);
			name = "ảnh";
			sourceTree = "<group>";
		};
/* End PBXGroup section */

/* Begin PBXNativeTarget section */
		CB0ED65C1EE65A560059B510 /* PushPopView */ = {
			isa = PBXNativeTarget;
			buildConfigurationList = CB0ED66F1EE65A570059B510 /* Build configuration list for PBXNativeTarget "PushPopView" */;
			buildPhases = (
				CB0ED6591EE65A560059B510 /* Sources */,
				CB0ED65A1EE65A560059B510 /* Frameworks */,
				CB0ED65B1EE65A560059B510 /* Resources */,
			);
			buildRules = (
			);
			dependencies = (
			);
			name = PushPopView;
			productName = PushPopView;
			productReference = CB0ED65D1EE65A560059B510 /* PushPopView.app */;
			productType = "com.apple.product-type.application";
		};
/* End PBXNativeTarget section */

/* Begin PBXProject section */
		CB0ED6551EE65A560059B510 /* Project object */ = {
			isa = PBXProject;
			attributes = {
				LastSwiftUpdateCheck = 0830;
				LastUpgradeCheck = 0830;
				ORGANIZATIONNAME = "Minh Tuan";
				TargetAttributes = {
					CB0ED65C1EE65A560059B510 = {
						CreatedOnToolsVersion = 8.3.2;
						DevelopmentTeam = L2B4445J52;
						ProvisioningStyle = Automatic;
					};
				};
			};
			buildConfigurationList = CB0ED6581EE65A560059B510 /* Build configuration list for PBXProject "PushPopView" */;
			compatibilityVersion = "Xcode 3.2";
			developmentRegion = English;
			hasScannedForEncodings = 0;
			knownRegions = (
				en,
				Base,
			);
			mainGroup = CB0ED6541EE65A560059B510;
			productRefGroup = CB0ED65E1EE65A560059B510 /* Products */;
			projectDirPath = "";
			projectRoot = "";
			targets = (
				CB0ED65C1EE65A560059B510 /* PushPopView */,
			);
		};
/* End PBXProject section */

/* Begin PBXResourcesBuildPhase section */
		CB0ED65B1EE65A560059B510 /* Resources */ = {
			isa = PBXResourcesBuildPhase;
			buildActionMask = 2147483647;
			files = (
				CB0ED66B1EE65A570059B510 /* LaunchScreen.storyboard in Resources */,
				CB0ED6761EE65EAA0059B510 /* anhnen.jpg in Resources */,
				CB0ED6781EE668B80059B510 /* dangNhap.jpg in Resources */,
				CB0ED6681EE65A570059B510 /* Assets.xcassets in Resources */,
				CB0ED6661EE65A570059B510 /* Main.storyboard in Resources */,
				CBF269611EE6E62400746659 /* note.jpg in Resources */,
				CBF2695F1EE6E53F00746659 /* bang.jpg in Resources */,
				CBF2695D1EE6E4C300746659 /* con meo.jpg in Resources */,
			);
			runOnlyForDeploymentPostprocessing = 0;
		};
/* End PBXResourcesBuildPhase section */

/* Begin PBXSourcesBuildPhase section */
		CB0ED6591EE65A560059B510 /* Sources */ = {
			isa = PBXSourcesBuildPhase;
			buildActionMask = 2147483647;
			files = (
				CB0ED6731EE65B590059B510 /* DangNhap.swift in Sources */,
				CB12AF4D1EE69FB400C4D418 /* ToanTreEm.swift in Sources */,
				CB0ED6631EE65A570059B510 /* ViewController.swift in Sources */,
				CB0ED6611EE65A560059B510 /* AppDelegate.swift in Sources */,
			);
			runOnlyForDeploymentPostprocessing = 0;
		};
/* End PBXSourcesBuildPhase section */

/* Begin PBXVariantGroup section */
		CB0ED6641EE65A570059B510 /* Main.storyboard */ = {
			isa = PBXVariantGroup;
			children = (
				CB0ED6651EE65A570059B510 /* Base */,
			);
			name = Main.storyboard;
			sourceTree = "<group>";
		};
		CB0ED6691EE65A570059B510 /* LaunchScreen.storyboard */ = {
			isa = PBXVariantGroup;
			children = (
				CB0ED66A1EE65A570059B510 /* Base */,
			);
			name = LaunchScreen.storyboard;
			sourceTree = "<group>";
		};
/* End PBXVariantGroup section */

/* Begin XCBuildConfiguration section */
		CB0ED66D1EE65A570059B510 /* Debug */ = {
			isa = XCBuildConfiguration;
			buildSettings = {
				ALWAYS_SEARCH_USER_PATHS = NO;
				CLANG_ANALYZER_NONNULL = YES;
				CLANG_ANALYZER_NUMBER_OBJECT_CONVERSION = YES_AGGRESSIVE;
				CLANG_CXX_LANGUAGE_STANDARD = "gnu++0x";
				CLANG_CXX_LIBRARY = "libc++";
				CLANG_ENABLE_MODULES = YES;
				CLANG_ENABLE_OBJC_ARC = YES;
				CLANG_WARN_BOOL_CONVERSION = YES;
				CLANG_WARN_CONSTANT_CONVERSION = YES;
				CLANG_WARN_DIRECT_OBJC_ISA_USAGE = YES_ERROR;
				CLANG_WARN_DOCUMENTATION_COMMENTS = YES;
				CLANG_WARN_EMPTY_BODY = YES;
				CLANG_WARN_ENUM_CONVERSION = YES;
				CLANG_WARN_INFINITE_RECURSION = YES;
				CLANG_WARN_INT_CONVERSION = YES;
				CLANG_WARN_OBJC_ROOT_CLASS = YES_ERROR;
				CLANG_WARN_SUSPICIOUS_MOVE = YES;
				CLANG_WARN_UNREACHABLE_CODE = YES;
				CLANG_WARN__DUPLICATE_METHOD_MATCH = YES;
				"CODE_SIGN_IDENTITY[sdk=iphoneos*]" = "iPhone Developer";
				COPY_PHASE_STRIP = NO;
				DEBUG_INFORMATION_FORMAT = dwarf;
				ENABLE_STRICT_OBJC_MSGSEND = YES;
				ENABLE_TESTABILITY = YES;
				GCC_C_LANGUAGE_STANDARD = gnu99;
				GCC_DYNAMIC_NO_PIC = NO;
				GCC_NO_COMMON_BLOCKS = YES;
				GCC_OPTIMIZATION_LEVEL = 0;
				GCC_PREPROCESSOR_DEFINITIONS = (
					"DEBUG=1",
					"$(inherited)",
				);
				GCC_WARN_64_TO_32_BIT_CONVERSION = YES;
				GCC_WARN_ABOUT_RETURN_TYPE = YES_ERROR;
				GCC_WARN_UNDECLARED_SELECTOR = YES;
				GCC_WARN_UNINITIALIZED_AUTOS = YES_AGGRESSIVE;
				GCC_WARN_UNUSED_FUNCTION = YES;
				GCC_WARN_UNUSED_VARIABLE = YES;
				IPHONEOS_DEPLOYMENT_TARGET = 10.3;
				MTL_ENABLE_DEBUG_INFO = YES;
				ONLY_ACTIVE_ARCH = YES;
				SDKROOT = iphoneos;
				SWIFT_ACTIVE_COMPILATION_CONDITIONS = DEBUG;
				SWIFT_OPTIMIZATION_LEVEL = "-Onone";
				TARGETED_DEVICE_FAMILY = "1,2";
			};
			name = Debug;
		};
		CB0ED66E1EE65A570059B510 /* Release */ = {
			isa = XCBuildConfiguration;
			buildSettings = {
				ALWAYS_SEARCH_USER_PATHS = NO;
				CLANG_ANALYZER_NONNULL = YES;
				CLANG_ANALYZER_NUMBER_OBJECT_CONVERSION = YES_AGGRESSIVE;
				CLANG_CXX_LANGUAGE_STANDARD = "gnu++0x";
				CLANG_CXX_LIBRARY = "libc++";
				CLANG_ENABLE_MODULES = YES;
				CLANG_ENABLE_OBJC_ARC = YES;
				CLANG_WARN_BOOL_CONVERSION = YES;
				CLANG_WARN_CONSTANT_CONVERSION = YES;
				CLANG_WARN_DIRECT_OBJC_ISA_USAGE = YES_ERROR;
				CLANG_WARN_DOCUMENTATION_COMMENTS = YES;
				CLANG_WARN_EMPTY_BODY = YES;
				CLANG_WARN_ENUM_CONVERSION = YES;
				CLANG_WARN_INFINITE_RECURSION = YES;
				CLANG_WARN_INT_CONVERSION = YES;
				CLANG_WARN_OBJC_ROOT_CLASS = YES_ERROR;
				CLANG_WARN_SUSPICIOUS_MOVE = YES;
				CLANG_WARN_UNREACHABLE_CODE = YES;
				CLANG_WARN__DUPLICATE_METHOD_MATCH = YES;
				"CODE_SIGN_IDENTITY[sdk=iphoneos*]" = "iPhone Developer";
				COPY_PHASE_STRIP = NO;
				DEBUG_INFORMATION_FORMAT = "dwarf-with-dsym";
				ENABLE_NS_ASSERTIONS = NO;
				ENABLE_STRICT_OBJC_MSGSEND = YES;
				GCC_C_LANGUAGE_STANDARD = gnu99;
				GCC_NO_COMMON_BLOCKS = YES;
				GCC_WARN_64_TO_32_BIT_CONVERSION = YES;
				GCC_WARN_ABOUT_RETURN_TYPE = YES_ERROR;
				GCC_WARN_UNDECLARED_SELECTOR = YES;
				GCC_WARN_UNINITIALIZED_AUTOS = YES_AGGRESSIVE;
				GCC_WARN_UNUSED_FUNCTION = YES;
				GCC_WARN_UNUSED_VARIABLE = YES;
				IPHONEOS_DEPLOYMENT_TARGET = 10.3;
				MTL_ENABLE_DEBUG_INFO = NO;
				SDKROOT = iphoneos;
				SWIFT_OPTIMIZATION_LEVEL = "-Owholemodule";
				TARGETED_DEVICE_FAMILY = "1,2";
				VALIDATE_PRODUCT = YES;
			};
			name = Release;
		};
		CB0ED6701EE65A570059B510 /* Debug */ = {
			isa = XCBuildConfiguration;
			buildSettings = {
				ASSETCATALOG_COMPILER_APPICON_NAME = AppIcon;
				DEVELOPMENT_TEAM = L2B4445J52;
				INFOPLIST_FILE = PushPopView/Info.plist;
				LD_RUNPATH_SEARCH_PATHS = "$(inherited) @executable_path/Frameworks";
				PRODUCT_BUNDLE_IDENTIFIER = com.PushPopView;
				PRODUCT_NAME = "$(TARGET_NAME)";
				SWIFT_VERSION = 3.0;
			};
			name = Debug;
		};
		CB0ED6711EE65A570059B510 /* Release */ = {
			isa = XCBuildConfiguration;
			buildSettings = {
				ASSETCATALOG_COMPILER_APPICON_NAME = AppIcon;
				DEVELOPMENT_TEAM = L2B4445J52;
				INFOPLIST_FILE = PushPopView/Info.plist;
				LD_RUNPATH_SEARCH_PATHS = "$(inherited) @executable_path/Frameworks";
				PRODUCT_BUNDLE_IDENTIFIER = com.PushPopView;
				PRODUCT_NAME = "$(TARGET_NAME)";
				SWIFT_VERSION = 3.0;
			};
			name = Release;
		};
/* End XCBuildConfiguration section */

/* Begin XCConfigurationList section */
		CB0ED6581EE65A560059B510 /* Build configuration list for PBXProject "PushPopView" */ = {
			isa = XCConfigurationList;
			buildConfigurations = (
				CB0ED66D1EE65A570059B510 /* Debug */,
				CB0ED66E1EE65A570059B510 /* Release */,
			);
			defaultConfigurationIsVisible = 0;
			defaultConfigurationName = Release;
		};
		CB0ED66F1EE65A570059B510 /* Build configuration list for PBXNativeTarget "PushPopView" */ = {
			isa = XCConfigurationList;
			buildConfigurations = (
				CB0ED6701EE65A570059B510 /* Debug */,
				CB0ED6711EE65A570059B510 /* Release */,
			);
			defaultConfigurationIsVisible = 0;
			defaultConfigurationName = Release;
		};
/* End XCConfigurationList section */
	};
	rootObject = CB0ED6551EE65A560059B510 /* Project object */;
}
